
Microsoft Visual Studio Solution File, Format Version 12.00
# Visual Studio Version 17
VisualStudioVersion = 17.0.31903.59
MinimumVisualStudioVersion = 10.0.40219.1
Project("{FAE04EC0-301F-11D3-BF4B-00C04F79EFBC}") = "lib", "lib\lib.csproj", "{0F678678-5C64-4D59-B197-C46F2F2C2880}"
EndProject
Project("{FAE04EC0-301F-11D3-BF4B-00C04F79EFBC}") = "server", "server\server.csproj", "{69B8EAED-001E-460A-B6E3-6AA23CC48671}"
EndProject
Project("{FAE04EC0-301F-11D3-BF4B-00C04F79EFBC}") = "client", "client\client.csproj", "{63444037-F0AA-416E-964E-99363191D2E6}"
EndProject
Global
	GlobalSection(SolutionConfigurationPlatforms) = preSolution
		Debug|Any CPU = Debug|Any CPU
		Release|Any CPU = Release|Any CPU
	EndGlobalSection
	GlobalSection(SolutionProperties) = preSolution
		HideSolutionNode = FALSE
	EndGlobalSection
	GlobalSection(ProjectConfigurationPlatforms) = postSolution
		{0F678678-5C64-4D59-B197-C46F2F2C2880}.Debug|Any CPU.ActiveCfg = Debug|Any CPU
		{0F678678-5C64-4D59-B197-C46F2F2C2880}.Debug|Any CPU.Build.0 = Debug|Any CPU
		{0F678678-5C64-4D59-B197-C46F2F2C2880}.Release|Any CPU.ActiveCfg = Release|Any CPU
		{0F678678-5C64-4D59-B197-C46F2F2C2880}.Release|Any CPU.Build.0 = Release|Any CPU
		{69B8EAED-001E-460A-B6E3-6AA23CC48671}.Debug|Any CPU.ActiveCfg = Debug|Any CPU
		{69B8EAED-001E-460A-B6E3-6AA23CC48671}.Debug|Any CPU.Build.0 = Debug|Any CPU
		{69B8EAED-001E-460A-B6E3-6AA23CC48671}.Release|Any CPU.ActiveCfg = Release|Any CPU
		{69B8EAED-001E-460A-B6E3-6AA23CC48671}.Release|Any CPU.Build.0 = Release|Any CPU
		{63444037-F0AA-416E-964E-99363191D2E6}.Debug|Any CPU.ActiveCfg = Debug|Any CPU
		{63444037-F0AA-416E-964E-99363191D2E6}.Debug|Any CPU.Build.0 = Debug|Any CPU
		{63444037-F0AA-416E-964E-99363191D2E6}.Release|Any CPU.ActiveCfg = Release|Any CPU
		{63444037-F0AA-416E-964E-99363191D2E6}.Release|Any CPU.Build.0 = Release|Any CPU
	EndGlobalSection
EndGlobal
